<?xml version="1.0" encoding="utf-8"?>
<Project ToolsVersion="4.0" xmlns="http://schemas.microsoft.com/developer/msbuild/2003">
  <ItemGroup>
    <Filter Include="Source Files">
      <UniqueIdentifier>{4FC737F1-C7A5-4376-A066-2A32D752A2FF}</UniqueIdentifier>
      <Extensions>cpp;c;cc;cxx;def;odl;idl;hpj;bat;asm;asmx</Extensions>
    </Filter>
    <Filter Include="Header Files">
      <UniqueIdentifier>{93995380-89BD-4b04-88EB-625FBE52EBFB}</UniqueIdentifier>
      <Extensions>h;hpp;hxx;hm;inl;inc;xsd</Extensions>
    </Filter>
    <Filter Include="Resource Files">
      <UniqueIdentifier>{67DA6AB6-F800-4c08-8B7A-83BB121AAD01}</UniqueIdentifier>
      <Extensions>rc;ico;cur;bmp;dlg;rc2;rct;bin;rgs;gif;jpg;jpeg;jpe;resx;tiff;tif;png;wav</Extensions>
    </Filter>
  </ItemGroup>
  <ItemGroup>
    <ClCompile Include="source files - bst\BST-DLL.cpp">
      <Filter>Source Files</Filter>
    </ClCompile>
    <ClCompile Include="source files - bst\BST-Insert-Search-Delete.cpp">
      <Filter>Source Files</Filter>
    </ClCompile>
    <ClCompile Include="source files - bst\FloornCeil.cpp">
      <Filter>Source Files</Filter>
    </ClCompile>
    <ClCompile Include="source files - bst\kthSmallestNodeinBST.cpp">
      <Filter>Source Files</Filter>
    </ClCompile>
    <ClCompile Include="source files - bst\Print-Successor_Predecessor_LCA.cpp">
      <Filter>Source Files</Filter>
    </ClCompile>
    <ClCompile Include="source files - bst\PrintKeysinaGivenRange-BST.cpp">
      <Filter>Source Files</Filter>
    </ClCompile>
    <ClCompile Include="source files - bst\SortedLL-BST.cpp">
      <Filter>Source Files</Filter>
    </ClCompile>
    <ClCompile Include="source files - bst\SortelementsbyFrequency.cpp">
      <Filter>Source Files</Filter>
    </ClCompile>
    <ClCompile Include="source files - bt\Array-BST.cpp">
      <Filter>Source Files</Filter>
    </ClCompile>
    <ClCompile Include="source files - bt\ConvertBtreetoChildSumTree.cpp">
      <Filter>Source Files</Filter>
    </ClCompile>
    <ClCompile Include="source files - bt\ConvertBTreetoDLL.cpp">
      <Filter>Source Files</Filter>
    </ClCompile>
    <ClCompile Include="source files - bt\ConvertLeavesofBtreetoDLL.cpp">
      <Filter>Source Files</Filter>
    </ClCompile>
    <ClCompile Include="source files - bt\MorrisTraversal-FindthekthSmallestNode.cpp">
      <Filter>Source Files</Filter>
    </ClCompile>
    <ClCompile Include="source files - bt\Printnodes-kdistancefromRoot.cpp">
      <Filter>Source Files</Filter>
    </ClCompile>
    <ClCompile Include="source files - bt\PrintNodeskdistancefromLeaf.cpp">
      <Filter>Source Files</Filter>
    </ClCompile>
    <ClCompile Include="source files - bt\SpiralorZigZagandDiagonalTreeTraversal.cpp">
      <Filter>Source Files</Filter>
    </ClCompile>
    <ClCompile Include="source files - bt\SprialTraversalofTree-ITERnRECUR.cpp">
      <Filter>Source Files</Filter>
    </ClCompile>
    <ClCompile Include="source files - bt\SumofNumbersformedbyRoottoLeafPathinBtree.cpp">
      <Filter>Source Files</Filter>
    </ClCompile>
    <ClCompile Include="source files - bt\TreeTraversal_8waysRecurIter.cpp">
      <Filter>Source Files</Filter>
    </ClCompile>
    <ClCompile Include="source files - bt\VerticalSum-usingDLL.cpp">
      <Filter>Source Files</Filter>
    </ClCompile>
    <ClCompile Include="source files - bt\treeconstructions\BuildTreefromInorderandLevelOrder.cpp">
      <Filter>Source Files</Filter>
    </ClCompile>
    <ClCompile Include="source files - bt\treeconstructions\ConstructBtreefromSLL_RecurisveandIterative.cpp">
      <Filter>Source Files</Filter>
    </ClCompile>
    <ClCompile Include="source files - bt\treeconstructions\ConvertBinaryTreetoDoublyLinkedList_RecursivenIterative.cpp">
      <Filter>Source Files</Filter>
    </ClCompile>
    <ClCompile Include="source files - bt\treedeletesnremoves\DeleteTree_RecursivenIterative.cpp">
      <Filter>Source Files</Filter>
    </ClCompile>
    <ClCompile Include="source files - bt\treeoperations\BracketBalance.cpp">
      <Filter>Source Files</Filter>
    </ClCompile>
    <ClCompile Include="source files - bt\treeoperations\ConnecttheNodesatSameLevel_Iterative.cpp">
      <Filter>Source Files</Filter>
    </ClCompile>
    <ClCompile Include="source files - bt\treeoperations\DeepestLeafwhichistheLeftChild_RecursivenITerative.cpp">
      <Filter>Source Files</Filter>
    </ClCompile>
    <ClCompile Include="source files - bt\treeoperations\FindtheMaximumOddDepthLeafNode_IterativenRecursive.cpp">
      <Filter>Source Files</Filter>
    </ClCompile>
    <ClCompile Include="source files - bt\treeoperations\FindtheSumofallLeftLeaf_RecursivenIterative.cpp">
      <Filter>Source Files</Filter>
    </ClCompile>
    <ClCompile Include="source files - bt\treeoperations\MirrortheTree_Recursive.cpp">
      <Filter>Source Files</Filter>
    </ClCompile>
    <ClCompile Include="source files - bt\treeoperations\PopulatetheInorderSuccessor_RecursivenIterative.cpp">
      <Filter>Source Files</Filter>
    </ClCompile>
    <ClCompile Include="source files - bt\treeoperations\SerializeandDeserializeBSTusingPostOrder_useSTL.cpp">
      <Filter>Source Files</Filter>
    </ClCompile>
    <ClCompile Include="source files - bt\treeoperations\SerializeandDeserializeBSTusingPreOrder_useSTL.cpp">
      <Filter>Source Files</Filter>
    </ClCompile>
    <ClCompile Include="source files - bt\treeoperations\Trees_Intro.cpp">
      <Filter>Source Files</Filter>
    </ClCompile>
    <ClCompile Include="source files - bt\treeproperties\CheckifTreeisHeightBalanced_Recursive.cpp">
      <Filter>Source Files</Filter>
    </ClCompile>
    <ClCompile Include="source files - bt\treeproperties\ChildSumProperty_Iterative.cpp">
      <Filter>Source Files</Filter>
    </ClCompile>
    <ClCompile Include="source files - bt\treeproperties\ChildSumProperty_Recursive.cpp">
      <Filter>Source Files</Filter>
    </ClCompile>
    <ClCompile Include="source files - bt\treeproperties\CountLeafNodesinBTree_Iterative.cpp">
      <Filter>Source Files</Filter>
    </ClCompile>
    <ClCompile Include="source files - bt\treeproperties\CountLeafNodesinBtree_Recursive.cpp">
      <Filter>Source Files</Filter>
    </ClCompile>
    <ClCompile Include="source files - bt\treeproperties\DoubleTree.cpp">
      <Filter>Source Files</Filter>
    </ClCompile>
    <ClCompile Include="source files - bt\treeproperties\HeightofTree_Iterative.cpp">
      <Filter>Source Files</Filter>
    </ClCompile>
    <ClCompile Include="source files - bt\treeproperties\HeightofTree_Recursive.cpp">
      <Filter>Source Files</Filter>
    </ClCompile>
    <ClCompile Include="source files - bt\treeproperties\SizeofBTree_Iterative.cpp">
      <Filter>Source Files</Filter>
    </ClCompile>
    <ClCompile Include="source files - bt\treeproperties\SizeofBTree_Recursive.cpp">
      <Filter>Source Files</Filter>
    </ClCompile>
    <ClCompile Include="source files - bt\treeproperties\TreeIsomorphismnTreeFoldability.cpp">
      <Filter>Source Files</Filter>
    </ClCompile>
    <ClCompile Include="source files - bt\treeproperties\WidthoftheTree_Recursive.cpp">
      <Filter>Source Files</Filter>
    </ClCompile>
    <ClCompile Include="source files - bt\treeproperties\WidthofTree_Iterative.cpp">
      <Filter>Source Files</Filter>
    </ClCompile>
    <ClCompile Include="source files - bt\treeviewsntraversals\BottomViewofTree-MultipleEntriesPrinting.cpp">
      <Filter>Source Files</Filter>
    </ClCompile>
    <ClCompile Include="source files - bt\treeviewsntraversals\BottomViewofTree.cpp">
      <Filter>Source Files</Filter>
    </ClCompile>
    <ClCompile Include="source files - bt\treeviewsntraversals\DFSTree_PrintthepathsfromRoot2Leaf_IterativenRecursive.cpp">
      <Filter>Source Files</Filter>
    </ClCompile>
    <ClCompile Include="source files - bt\treeviewsntraversals\Distancebetween2Nodes_LCA.cpp">
      <Filter>Source Files</Filter>
    </ClCompile>
    <ClCompile Include="source files - bt\treeviewsntraversals\LeftViewnRightViewofTree-RECnITER.cpp">
      <Filter>Source Files</Filter>
    </ClCompile>
    <ClCompile Include="source files - bt\treeviewsntraversals\LeftViewofTree.cpp">
      <Filter>Source Files</Filter>
    </ClCompile>
    <ClCompile Include="source files - bt\treeviewsntraversals\LevelOrder_Left2Right.cpp">
      <Filter>Source Files</Filter>
    </ClCompile>
    <ClCompile Include="source files - bt\treeviewsntraversals\LevelOrder_Right2Left.cpp">
      <Filter>Source Files</Filter>
    </ClCompile>
    <ClCompile Include="source files - bt\treeviewsntraversals\MOrrisTraversal-Inorder-PreOrder.cpp">
      <Filter>Source Files</Filter>
    </ClCompile>
    <ClCompile Include="source files - bt\treeviewsntraversals\PostorderTraversal_Iterative.cpp">
      <Filter>Source Files</Filter>
    </ClCompile>
    <ClCompile Include="source files - bt\treeviewsntraversals\PreorderTraversal_Iterative.cpp">
      <Filter>Source Files</Filter>
    </ClCompile>
    <ClCompile Include="source files - bt\treeviewsntraversals\PrintLeaftoNode.cpp">
      <Filter>Source Files</Filter>
    </ClCompile>
    <ClCompile Include="source files - bt\treeviewsntraversals\PrinttheAncestorsofTree_IterativenRecursive.cpp">
      <Filter>Source Files</Filter>
    </ClCompile>
    <ClCompile Include="source files - bt\treeviewsntraversals\RightViewofTree.cpp">
      <Filter>Source Files</Filter>
    </ClCompile>
    <ClCompile Include="source files - bt\treeviewsntraversals\TopViewofTree-MultipleEntries-tweakBottomView.cpp">
      <Filter>Source Files</Filter>
    </ClCompile>
    <ClCompile Include="source files - bt\treeviewsntraversals\TopViewofTree.cpp">
      <Filter>Source Files</Filter>
    </ClCompile>
    <ClCompile Include="source files - bt\treeviewsntraversals\VerticalOrderSUM.cpp">
      <Filter>Source Files</Filter>
    </ClCompile>
    <ClCompile Include="source files - bt\treeviewsntraversals\VerticalOrderTraversal.cpp">
      <Filter>Source Files</Filter>
    </ClCompile>
  </ItemGroup>
</Project>