
Microsoft Visual Studio Solution File, Format Version 11.00
# Visual Studio 2010
Project("{8BC9CEB8-8B4A-11D0-8D11-00A0C91BC942}") = "4_Trees", "4_Trees.vcxproj", "{99C30B73-615B-629D-9908-4A8A3C7CA941}"
EndProject
Global
	GlobalSection(SolutionConfigurationPlatforms) = preSolution
		Debug|Win32 = Debug|Win32
		Release|Win32 = Release|Win32
	EndGlobalSection
	GlobalSection(ProjectConfigurationPlatforms) = postSolution
		{99C30B73-615B-629D-9908-4A8A3C7CA941}.Debug|Win32.ActiveCfg = Debug|Win32
		{99C30B73-615B-629D-9908-4A8A3C7CA941}.Debug|Win32.Build.0 = Debug|Win32
		{99C30B73-615B-629D-9908-4A8A3C7CA941}.Release|Win32.ActiveCfg = Release|Win32
		{99C30B73-615B-629D-9908-4A8A3C7CA941}.Release|Win32.Build.0 = Release|Win32
	EndGlobalSection
	GlobalSection(SolutionProperties) = preSolution
		HideSolutionNode = FALSE
	EndGlobalSection
EndGlobal
