<?xml version="1.0" encoding="utf-8"?>
<Project ToolsVersion="4.0" xmlns="http://schemas.microsoft.com/developer/msbuild/2003">
  <ItemGroup>
    <Filter Include="Source Files">
      <UniqueIdentifier>{4FC737F1-C7A5-4376-A066-2A32D752A2FF}</UniqueIdentifier>
      <Extensions>cpp;c;cc;cxx;def;odl;idl;hpj;bat;asm;asmx</Extensions>
    </Filter>
    <Filter Include="Header Files">
      <UniqueIdentifier>{93995380-89BD-4b04-88EB-625FBE52EBFB}</UniqueIdentifier>
      <Extensions>h;hpp;hxx;hm;inl;inc;xsd</Extensions>
    </Filter>
    <Filter Include="Resource Files">
      <UniqueIdentifier>{67DA6AB6-F800-4c08-8B7A-83BB121AAD01}</UniqueIdentifier>
      <Extensions>rc;ico;cur;bmp;dlg;rc2;rct;bin;rgs;gif;jpg;jpeg;jpe;resx;tiff;tif;png;wav</Extensions>
    </Filter>
  </ItemGroup>
  <ItemGroup>
    <ClCompile Include="source files\Add1toNumberrepresentedasLL-bothITERnRECUR.cpp">
      <Filter>Source Files</Filter>
    </ClCompile>
    <ClCompile Include="source files\AlternateLLNodeDeletion_Iterative.cpp">
      <Filter>Source Files</Filter>
    </ClCompile>
    <ClCompile Include="source files\AlternateNodeDeletion_Iterative.cpp">
      <Filter>Source Files</Filter>
    </ClCompile>
    <ClCompile Include="source files\AlternateSplitofLL.cpp">
      <Filter>Source Files</Filter>
    </ClCompile>
    <ClCompile Include="source files\AlternateSplitofLL_Iterative.cpp">
      <Filter>Source Files</Filter>
    </ClCompile>
    <ClCompile Include="source files\AlternateSplitofLL_Recursive.cpp">
      <Filter>Source Files</Filter>
    </ClCompile>
    <ClCompile Include="source files\AveragedArray.cpp">
      <Filter>Source Files</Filter>
    </ClCompile>
    <ClCompile Include="source files\BlockReversal_Iterative.cpp">
      <Filter>Source Files</Filter>
    </ClCompile>
    <ClCompile Include="source files\BlockReversal_Recursive.cpp">
      <Filter>Source Files</Filter>
    </ClCompile>
    <ClCompile Include="source files\BreadthFirstSearch.cpp">
      <Filter>Source Files</Filter>
    </ClCompile>
    <ClCompile Include="source files\CC_prime_cheflucky.cpp">
      <Filter>Source Files</Filter>
    </ClCompile>
    <ClCompile Include="source files\CheckLLPalindrome.cpp">
      <Filter>Source Files</Filter>
    </ClCompile>
    <ClCompile Include="source files\CombinationusingRecursion.cpp">
      <Filter>Source Files</Filter>
    </ClCompile>
    <ClCompile Include="source files\DeleteAlternateNodesofLLfrom1stNode_Iterative.cpp">
      <Filter>Source Files</Filter>
    </ClCompile>
    <ClCompile Include="source files\DeleteAlternateNodesofLLfrom1stNode_Recursive.cpp">
      <Filter>Source Files</Filter>
    </ClCompile>
    <ClCompile Include="source files\DeleteMnodeAfterNnodesinLL_Iterative.cpp">
      <Filter>Source Files</Filter>
    </ClCompile>
    <ClCompile Include="source files\DeleteMnodesAfterNnodesinLL_Recursive.cpp">
      <Filter>Source Files</Filter>
    </ClCompile>
    <ClCompile Include="source files\DeleteNodesinLLhavingNodesGreaterinValueatRight_Iterative.cpp">
      <Filter>Source Files</Filter>
    </ClCompile>
    <ClCompile Include="source files\DeleteNodesinLLhavingNodesGreaterinValueatRight_Recursive.cpp">
      <Filter>Source Files</Filter>
    </ClCompile>
    <ClCompile Include="source files\DepthFirstSearch.cpp">
      <Filter>Source Files</Filter>
    </ClCompile>
    <ClCompile Include="source files\DetectandRemoveCycleinLL.cpp">
      <Filter>Source Files</Filter>
    </ClCompile>
    <ClCompile Include="source files\DetectCycleinLL.cpp">
      <Filter>Source Files</Filter>
    </ClCompile>
    <ClCompile Include="source files\DetectCycle_DirectedDisconnected_Iterative.cpp">
      <Filter>Source Files</Filter>
    </ClCompile>
    <ClCompile Include="source files\Dijkstra_Geeks4Geeks.cpp">
      <Filter>Source Files</Filter>
    </ClCompile>
    <ClCompile Include="source files\DominoSolitaire.cpp">
      <Filter>Source Files</Filter>
    </ClCompile>
    <ClCompile Include="source files\FastestwaytoDeleteNodeinLL.cpp">
      <Filter>Source Files</Filter>
    </ClCompile>
    <ClCompile Include="source files\FirstOccuringCharacterinStringwhichisNotRepeated.cpp">
      <Filter>Source Files</Filter>
    </ClCompile>
    <ClCompile Include="source files\FlatteningaLL_Iterative.cpp">
      <Filter>Source Files</Filter>
    </ClCompile>
    <ClCompile Include="source files\FlatteningaLL_Recursive.cpp">
      <Filter>Source Files</Filter>
    </ClCompile>
    <ClCompile Include="source files\FlatteningLL_Recursive.cpp">
      <Filter>Source Files</Filter>
    </ClCompile>
    <ClCompile Include="source files\FrogJumping_BFS.cpp">
      <Filter>Source Files</Filter>
    </ClCompile>
    <ClCompile Include="source files\FrogJumping_Submission.cpp">
      <Filter>Source Files</Filter>
    </ClCompile>
    <ClCompile Include="source files\helpers.cpp">
      <Filter>Source Files</Filter>
    </ClCompile>
    <ClCompile Include="source files\IlangovansCode_BFSwithGraphConstruction.cpp">
      <Filter>Source Files</Filter>
    </ClCompile>
    <ClCompile Include="source files\InsertionSort_Iterative.cpp">
      <Filter>Source Files</Filter>
    </ClCompile>
    <ClCompile Include="source files\InsertionSort_NPTEL.cpp">
      <Filter>Source Files</Filter>
    </ClCompile>
    <ClCompile Include="source files\InsertionSort_Recursive.cpp">
      <Filter>Source Files</Filter>
    </ClCompile>
    <ClCompile Include="source files\IntersectingPointsof2LLs.cpp">
      <Filter>Source Files</Filter>
    </ClCompile>
    <ClCompile Include="source files\IntersectionofSoretedLLs_Recursive.cpp">
      <Filter>Source Files</Filter>
    </ClCompile>
    <ClCompile Include="source files\IntersectionofSortecLLs_Iterative.cpp">
      <Filter>Source Files</Filter>
    </ClCompile>
    <ClCompile Include="source files\M1_AddingTwoLinkedLists.cpp">
      <Filter>Source Files</Filter>
    </ClCompile>
    <ClCompile Include="source files\M2_AddingTwoLinkedLists.cpp">
      <Filter>Source Files</Filter>
    </ClCompile>
    <ClCompile Include="source files\MatrixSpiralTraversal.cpp">
      <Filter>Source Files</Filter>
    </ClCompile>
    <ClCompile Include="source files\MaximumSumPathLLoutofLLshavingCommonNodes.cpp">
      <Filter>Source Files</Filter>
    </ClCompile>
    <ClCompile Include="source files\MedianofLL.cpp">
      <Filter>Source Files</Filter>
    </ClCompile>
    <ClCompile Include="source files\Merge2SortedLLs-RecurIterLatest.cpp">
      <Filter>Source Files</Filter>
    </ClCompile>
    <ClCompile Include="source files\Merge2SortedLLsinReverseFashion.cpp">
      <Filter>Source Files</Filter>
    </ClCompile>
    <ClCompile Include="source files\Merge2SortedLLs_Iter-Latest.cpp">
      <Filter>Source Files</Filter>
    </ClCompile>
    <ClCompile Include="source files\Merge2SortedLLs_Recur-Latest.cpp">
      <Filter>Source Files</Filter>
    </ClCompile>
    <ClCompile Include="source files\MergeLLsatAlternatePositionsof1stLL_Iterative.cpp">
      <Filter>Source Files</Filter>
    </ClCompile>
    <ClCompile Include="source files\MergeLLsatAlternatePositionsof1stLL_Recursive.cpp">
      <Filter>Source Files</Filter>
    </ClCompile>
    <ClCompile Include="source files\MergeOddandEvenNodestogetherinLL.cpp">
      <Filter>Source Files</Filter>
    </ClCompile>
    <ClCompile Include="source files\MergeSortforLL.cpp">
      <Filter>Source Files</Filter>
    </ClCompile>
    <ClCompile Include="source files\MergeSort_Iterative_nptel.cpp">
      <Filter>Source Files</Filter>
    </ClCompile>
    <ClCompile Include="source files\MergeSort_Recursive.cpp">
      <Filter>Source Files</Filter>
    </ClCompile>
    <ClCompile Include="source files\MergeSort_Recursive_nptel.cpp">
      <Filter>Source Files</Filter>
    </ClCompile>
    <ClCompile Include="source files\MergeTwoLLs_Iterative.cpp">
      <Filter>Source Files</Filter>
    </ClCompile>
    <ClCompile Include="source files\MergeTwoLLs_Recursive.cpp">
      <Filter>Source Files</Filter>
    </ClCompile>
    <ClCompile Include="source files\MinimumStepsto1_DynamicProgramming.cpp">
      <Filter>Source Files</Filter>
    </ClCompile>
    <ClCompile Include="source files\MinimumStepstoOne_Memoization.cpp">
      <Filter>Source Files</Filter>
    </ClCompile>
    <ClCompile Include="source files\MoveSpacestoLEFT.cpp">
      <Filter>Source Files</Filter>
    </ClCompile>
    <ClCompile Include="source files\nptelQuiz1q2.cpp">
      <Filter>Source Files</Filter>
    </ClCompile>
    <ClCompile Include="source files\PairSTLContainer.cpp">
      <Filter>Source Files</Filter>
    </ClCompile>
    <ClCompile Include="source files\PairwhoseSumequalsXinArray.cpp">
      <Filter>Source Files</Filter>
    </ClCompile>
    <ClCompile Include="source files\PairwiseSwapofLLnodes_Iterative.cpp">
      <Filter>Source Files</Filter>
    </ClCompile>
    <ClCompile Include="source files\PairwiseSwapofLLnodes_Recursive.cpp">
      <Filter>Source Files</Filter>
    </ClCompile>
    <ClCompile Include="source files\PairwiseSwapofLLsbyLinkChange_Iterative.cpp">
      <Filter>Source Files</Filter>
    </ClCompile>
    <ClCompile Include="source files\PairwiseSwapofLLsbyLinkChange_Recursive.cpp">
      <Filter>Source Files</Filter>
    </ClCompile>
    <ClCompile Include="source files\Pointer2NextHigherValueinArbitLL_Iterative.cpp">
      <Filter>Source Files</Filter>
    </ClCompile>
    <ClCompile Include="source files\PrintNthnodeinLL.cpp">
      <Filter>Source Files</Filter>
    </ClCompile>
    <ClCompile Include="source files\PrintNthnodeinLLfromlast.cpp">
      <Filter>Source Files</Filter>
    </ClCompile>
    <ClCompile Include="source files\QuickSortforLL_Recursive.cpp">
      <Filter>Source Files</Filter>
    </ClCompile>
    <ClCompile Include="source files\QuickSort_Recursive.cpp">
      <Filter>Source Files</Filter>
    </ClCompile>
    <ClCompile Include="source files\RemoveDuplicatesfromSortedLL_Iterative.cpp">
      <Filter>Source Files</Filter>
    </ClCompile>
    <ClCompile Include="source files\RemoveDuplicatesfromSortedLL_Recursive.cpp">
      <Filter>Source Files</Filter>
    </ClCompile>
    <ClCompile Include="source files\RemoveDuplicatesfromUnsortedList_Recursive.cpp">
      <Filter>Source Files</Filter>
    </ClCompile>
    <ClCompile Include="source files\RemoveDuplicatesfromUnsortedLL_Iterative.cpp">
      <Filter>Source Files</Filter>
    </ClCompile>
    <ClCompile Include="source files\RemoveMiddlePointsofLLofLineSegments.cpp">
      <Filter>Source Files</Filter>
    </ClCompile>
    <ClCompile Include="source files\ReverseLLinAlternateBlocks_Recursive.cpp">
      <Filter>Source Files</Filter>
    </ClCompile>
    <ClCompile Include="source files\ReverseLLinAlternateMBlocksafterNBlocks_Recursive.cpp">
      <Filter>Source Files</Filter>
    </ClCompile>
    <ClCompile Include="source files\ReverseLLinBlocks_Recursive.cpp">
      <Filter>Source Files</Filter>
    </ClCompile>
    <ClCompile Include="source files\ReverseLL_Iterative.cpp">
      <Filter>Source Files</Filter>
    </ClCompile>
    <ClCompile Include="source files\ReverseLL_IterRecur.cpp">
      <Filter>Source Files</Filter>
    </ClCompile>
    <ClCompile Include="source files\ReverseLL_Recursive.cpp">
      <Filter>Source Files</Filter>
    </ClCompile>
    <ClCompile Include="source files\ReverseStack-withoutusingLoops.cpp">
      <Filter>Source Files</Filter>
    </ClCompile>
    <ClCompile Include="source files\RotateLLorMoveLastNodetoFirstinLL.cpp">
      <Filter>Source Files</Filter>
    </ClCompile>
    <ClCompile Include="source files\SegregateOddandEvennodesinLL_Iterative.cpp">
      <Filter>Source Files</Filter>
    </ClCompile>
    <ClCompile Include="source files\SegregateOddandEvennodesinLL_Recursive.cpp">
      <Filter>Source Files</Filter>
    </ClCompile>
    <ClCompile Include="source files\SelectionSort_Iterative.cpp">
      <Filter>Source Files</Filter>
    </ClCompile>
    <ClCompile Include="source files\SelectionSort_Recursive.cpp">
      <Filter>Source Files</Filter>
    </ClCompile>
    <ClCompile Include="source files\SeparatePositveandNegativeNumbers.cpp">
      <Filter>Source Files</Filter>
    </ClCompile>
    <ClCompile Include="source files\ShoeMakers.cpp">
      <Filter>Source Files</Filter>
    </ClCompile>
    <ClCompile Include="source files\ShoeMaker_Merge.cpp">
      <Filter>Source Files</Filter>
    </ClCompile>
    <ClCompile Include="source files\SinasSokoban.cpp">
      <Filter>Source Files</Filter>
    </ClCompile>
    <ClCompile Include="source files\SmartReversal_NewLLcreationwithandwithoutReference.cpp">
      <Filter>Source Files</Filter>
    </ClCompile>
    <ClCompile Include="source files\SnakenLadder.cpp">
      <Filter>Source Files</Filter>
    </ClCompile>
    <ClCompile Include="source files\Sokoban.cpp">
      <Filter>Source Files</Filter>
    </ClCompile>
    <ClCompile Include="source files\SortanLLwhichisASCandDES.cpp">
      <Filter>Source Files</Filter>
    </ClCompile>
    <ClCompile Include="source files\StackSort-withoutusingLoops.cpp">
      <Filter>Source Files</Filter>
    </ClCompile>
    <ClCompile Include="source files\TriplesChain_Dijkstra.cpp">
      <Filter>Source Files</Filter>
    </ClCompile>
    <ClCompile Include="source files\TriplesChain_DroppingUnwantedVertices.cpp">
      <Filter>Source Files</Filter>
    </ClCompile>
    <ClCompile Include="source files\TripletwhoseSumequalsGivenNoin3LLs.cpp">
      <Filter>Source Files</Filter>
    </ClCompile>
    <ClCompile Include="source files\UnionnIntersectionLL-ITER.cpp">
      <Filter>Source Files</Filter>
    </ClCompile>
    <ClCompile Include="source files\UnionNIntersectionofLL_RecursivenIterative.cpp">
      <Filter>Source Files</Filter>
    </ClCompile>
    <ClCompile Include="source files\VikramKumar_GraphsusingSTL_noHeap.cpp">
      <Filter>Source Files</Filter>
    </ClCompile>
    <ClCompile Include="source files\VipinQuestion.cpp">
      <Filter>Source Files</Filter>
    </ClCompile>
    <ClCompile Include="source files\WeightedGraphs_Dijkstras.cpp">
      <Filter>Source Files</Filter>
    </ClCompile>
  </ItemGroup>
</Project>