
Microsoft Visual Studio Solution File, Format Version 11.00
# Visual Studio 2010
Project("{8BC9CEB8-8B4A-11D0-8D11-00A0C91BC942}") = "8_Specials", "8_Specials.vcxproj", "{40EA1AE4-8F21-6AAC-21E4-B81280B863A5}"
EndProject
Global
	GlobalSection(SolutionConfigurationPlatforms) = preSolution
		Debug|Win32 = Debug|Win32
		Release|Win32 = Release|Win32
	EndGlobalSection
	GlobalSection(ProjectConfigurationPlatforms) = postSolution
		{40EA1AE4-8F21-6AAC-21E4-B81280B863A5}.Debug|Win32.ActiveCfg = Debug|Win32
		{40EA1AE4-8F21-6AAC-21E4-B81280B863A5}.Debug|Win32.Build.0 = Debug|Win32
		{40EA1AE4-8F21-6AAC-21E4-B81280B863A5}.Release|Win32.ActiveCfg = Release|Win32
		{40EA1AE4-8F21-6AAC-21E4-B81280B863A5}.Release|Win32.Build.0 = Release|Win32
	EndGlobalSection
	GlobalSection(SolutionProperties) = preSolution
		HideSolutionNode = FALSE
	EndGlobalSection
EndGlobal
